// !$*UTF8*$!
{
	archiveVersion = 1;
	classes = {
	};
	objectVersion = 55;
	objects = {

/* Begin PBXBuildFile section */
		AEED805A27D1BF09008C686B /* AppDelegate.swift in Sources */ = {isa = PBXBuildFile; fileRef = AEED805927D1BF09008C686B /* AppDelegate.swift */; };
		AEED805C27D1BF09008C686B /* SceneDelegate.swift in Sources */ = {isa = PBXBuildFile; fileRef = AEED805B27D1BF09008C686B /* SceneDelegate.swift */; };
		AEED805E27D1BF09008C686B /* ViewController.swift in Sources */ = {isa = PBXBuildFile; fileRef = AEED805D27D1BF09008C686B /* ViewController.swift */; };
		AEED806127D1BF09008C686B /* Main.storyboard in Resources */ = {isa = PBXBuildFile; fileRef = AEED805F27D1BF09008C686B /* Main.storyboard */; };
		AEED806327D1BF0B008C686B /* Assets.xcassets in Resources */ = {isa = PBXBuildFile; fileRef = AEED806227D1BF0B008C686B /* Assets.xcassets */; };
		AEED806627D1BF0B008C686B /* LaunchScreen.storyboard in Resources */ = {isa = PBXBuildFile; fileRef = AEED806427D1BF0B008C686B /* LaunchScreen.storyboard */; };
		AEED806E27D1C9E8008C686B /* CovidDetailViewController.swift in Sources */ = {isa = PBXBuildFile; fileRef = AEED806D27D1C9E8008C686B /* CovidDetailViewController.swift */; };
		AEED807027D20484008C686B /* CityCovidOverview.swift in Sources */ = {isa = PBXBuildFile; fileRef = AEED806F27D20484008C686B /* CityCovidOverview.swift */; };
		AFC46C0C866A78D25549CDDA /* Pods_COVID_19.framework in Frameworks */ = {isa = PBXBuildFile; fileRef = 76C7CED3B180A9B2AE978546 /* Pods_COVID_19.framework */; };
/* End PBXBuildFile section */

/* Begin PBXFileReference section */
		3FE532CBCE3B7F0ECEAC6337 /* Pods-COVID-19.debug.xcconfig */ = {isa = PBXFileReference; includeInIndex = 1; lastKnownFileType = text.xcconfig; name = "Pods-COVID-19.debug.xcconfig"; path = "Target Support Files/Pods-COVID-19/Pods-COVID-19.debug.xcconfig"; sourceTree = "<group>"; };
		76C7CED3B180A9B2AE978546 /* Pods_COVID_19.framework */ = {isa = PBXFileReference; explicitFileType = wrapper.framework; includeInIndex = 0; path = Pods_COVID_19.framework; sourceTree = BUILT_PRODUCTS_DIR; };
		91F249D569CA1A70F4B6CE04 /* Pods-COVID-19.release.xcconfig */ = {isa = PBXFileReference; includeInIndex = 1; lastKnownFileType = text.xcconfig; name = "Pods-COVID-19.release.xcconfig"; path = "Target Support Files/Pods-COVID-19/Pods-COVID-19.release.xcconfig"; sourceTree = "<group>"; };
		AEED805627D1BF09008C686B /* COVID-19.app */ = {isa = PBXFileReference; explicitFileType = wrapper.application; includeInIndex = 0; path = "COVID-19.app"; sourceTree = BUILT_PRODUCTS_DIR; };
		AEED805927D1BF09008C686B /* AppDelegate.swift */ = {isa = PBXFileReference; lastKnownFileType = sourcecode.swift; path = AppDelegate.swift; sourceTree = "<group>"; };
		AEED805B27D1BF09008C686B /* SceneDelegate.swift */ = {isa = PBXFileReference; lastKnownFileType = sourcecode.swift; path = SceneDelegate.swift; sourceTree = "<group>"; };
		AEED805D27D1BF09008C686B /* ViewController.swift */ = {isa = PBXFileReference; lastKnownFileType = sourcecode.swift; path = ViewController.swift; sourceTree = "<group>"; };
		AEED806027D1BF09008C686B /* Base */ = {isa = PBXFileReference; lastKnownFileType = file.storyboard; name = Base; path = Base.lproj/Main.storyboard; sourceTree = "<group>"; };
		AEED806227D1BF0B008C686B /* Assets.xcassets */ = {isa = PBXFileReference; lastKnownFileType = folder.assetcatalog; path = Assets.xcassets; sourceTree = "<group>"; };
		AEED806527D1BF0B008C686B /* Base */ = {isa = PBXFileReference; lastKnownFileType = file.storyboard; name = Base; path = Base.lproj/LaunchScreen.storyboard; sourceTree = "<group>"; };
		AEED806727D1BF0B008C686B /* Info.plist */ = {isa = PBXFileReference; lastKnownFileType = text.plist.xml; path = Info.plist; sourceTree = "<group>"; };
		AEED806D27D1C9E8008C686B /* CovidDetailViewController.swift */ = {isa = PBXFileReference; lastKnownFileType = sourcecode.swift; path = CovidDetailViewController.swift; sourceTree = "<group>"; };
		AEED806F27D20484008C686B /* CityCovidOverview.swift */ = {isa = PBXFileReference; lastKnownFileType = sourcecode.swift; path = CityCovidOverview.swift; sourceTree = "<group>"; };
/* End PBXFileReference section */

/* Begin PBXFrameworksBuildPhase section */
		AEED805327D1BF09008C686B /* Frameworks */ = {
			isa = PBXFrameworksBuildPhase;
			buildActionMask = 2147483647;
			files = (
				AFC46C0C866A78D25549CDDA /* Pods_COVID_19.framework in Frameworks */,
			);
			runOnlyForDeploymentPostprocessing = 0;
		};
/* End PBXFrameworksBuildPhase section */

/* Begin PBXGroup section */
		9D7BF1413BCFDD3FDE77E3A4 /* Pods */ = {
			isa = PBXGroup;
			children = (
				3FE532CBCE3B7F0ECEAC6337 /* Pods-COVID-19.debug.xcconfig */,
				91F249D569CA1A70F4B6CE04 /* Pods-COVID-19.release.xcconfig */,
			);
			path = Pods;
			sourceTree = "<group>";
		};
		AEED804D27D1BF09008C686B = {
			isa = PBXGroup;
			children = (
				AEED805827D1BF09008C686B /* COVID-19 */,
				AEED805727D1BF09008C686B /* Products */,
				9D7BF1413BCFDD3FDE77E3A4 /* Pods */,
				BDCF12A526626D963B0074DB /* Frameworks */,
			);
			sourceTree = "<group>";
		};
		AEED805727D1BF09008C686B /* Products */ = {
			isa = PBXGroup;
			children = (
				AEED805627D1BF09008C686B /* COVID-19.app */,
			);
			name = Products;
			sourceTree = "<group>";
		};
		AEED805827D1BF09008C686B /* COVID-19 */ = {
			isa = PBXGroup;
			children = (
				AEED805927D1BF09008C686B /* AppDelegate.swift */,
				AEED805B27D1BF09008C686B /* SceneDelegate.swift */,
				AEED805D27D1BF09008C686B /* ViewController.swift */,
				AEED805F27D1BF09008C686B /* Main.storyboard */,
				AEED806227D1BF0B008C686B /* Assets.xcassets */,
				AEED806427D1BF0B008C686B /* LaunchScreen.storyboard */,
				AEED806727D1BF0B008C686B /* Info.plist */,
				AEED806D27D1C9E8008C686B /* CovidDetailViewController.swift */,
				AEED806F27D20484008C686B /* CityCovidOverview.swift */,
			);
			path = "COVID-19";
			sourceTree = "<group>";
		};
		BDCF12A526626D963B0074DB /* Frameworks */ = {
			isa = PBXGroup;
			children = (
				76C7CED3B180A9B2AE978546 /* Pods_COVID_19.framework */,
			);
			name = Frameworks;
			sourceTree = "<group>";
		};
/* End PBXGroup section */

/* Begin PBXNativeTarget section */
		AEED805527D1BF09008C686B /* COVID-19 */ = {
			isa = PBXNativeTarget;
			buildConfigurationList = AEED806A27D1BF0B008C686B /* Build configuration list for PBXNativeTarget "COVID-19" */;
			buildPhases = (
				7DC7B77F7C42F1BABC6F9FF1 /* [CP] Check Pods Manifest.lock */,
				AEED805227D1BF09008C686B /* Sources */,
				AEED805327D1BF09008C686B /* Frameworks */,
				AEED805427D1BF09008C686B /* Resources */,
				EAAAD99C5FA26D848B9A62F8 /* [CP] Embed Pods Frameworks */,
			);
			buildRules = (
			);
			dependencies = (
			);
			name = "COVID-19";
			productName = "COVID-19";
			productReference = AEED805627D1BF09008C686B /* COVID-19.app */;
			productType = "com.apple.product-type.application";
		};
/* End PBXNativeTarget section */

/* Begin PBXProject section */
		AEED804E27D1BF09008C686B /* Project object */ = {
			isa = PBXProject;
			attributes = {
				BuildIndependentTargetsInParallel = 1;
				LastSwiftUpdateCheck = 1320;
				LastUpgradeCheck = 1320;
				TargetAttributes = {
					AEED805527D1BF09008C686B = {
						CreatedOnToolsVersion = 13.2.1;
					};
				};
			};
			buildConfigurationList = AEED805127D1BF09008C686B /* Build configuration list for PBXProject "COVID-19" */;
			compatibilityVersion = "Xcode 13.0";
			developmentRegion = en;
			hasScannedForEncodings = 0;
			knownRegions = (
				en,
				Base,
			);
			mainGroup = AEED804D27D1BF09008C686B;
			productRefGroup = AEED805727D1BF09008C686B /* Products */;
			projectDirPath = "";
			projectRoot = "";
			targets = (
				AEED805527D1BF09008C686B /* COVID-19 */,
			);
		};
/* End PBXProject section */

/* Begin PBXResourcesBuildPhase section */
		AEED805427D1BF09008C686B /* Resources */ = {
			isa = PBXResourcesBuildPhase;
			buildActionMask = 2147483647;
			files = (
				AEED806627D1BF0B008C686B /* LaunchScreen.storyboard in Resources */,
				AEED806327D1BF0B008C686B /* Assets.xcassets in Resources */,
				AEED806127D1BF09008C686B /* Main.storyboard in Resources */,
			);
			runOnlyForDeploymentPostprocessing = 0;
		};
/* End PBXResourcesBuildPhase section */

/* Begin PBXShellScriptBuildPhase section */
		7DC7B77F7C42F1BABC6F9FF1 /* [CP] Check Pods Manifest.lock */ = {
			isa = PBXShellScriptBuildPhase;
			buildActionMask = 2147483647;
			files = (
			);
			inputFileListPaths = (
			);
			inputPaths = (
				"${PODS_PODFILE_DIR_PATH}/Podfile.lock",
				"${PODS_ROOT}/Manifest.lock",
			);
			name = "[CP] Check Pods Manifest.lock";
			outputFileListPaths = (
			);
			outputPaths = (
				"$(DERIVED_FILE_DIR)/Pods-COVID-19-checkManifestLockResult.txt",
			);
			runOnlyForDeploymentPostprocessing = 0;
			shellPath = /bin/sh;
			shellScript = "diff \"${PODS_PODFILE_DIR_PATH}/Podfile.lock\" \"${PODS_ROOT}/Manifest.lock\" > /dev/null\nif [ $? != 0 ] ; then\n    # print error to STDERR\n    echo \"error: The sandbox is not in sync with the Podfile.lock. Run 'pod install' or update your CocoaPods installation.\" >&2\n    exit 1\nfi\n# This output is used by Xcode 'outputs' to avoid re-running this script phase.\necho \"SUCCESS\" > \"${SCRIPT_OUTPUT_FILE_0}\"\n";
			showEnvVarsInLog = 0;
		};
		EAAAD99C5FA26D848B9A62F8 /* [CP] Embed Pods Frameworks */ = {
			isa = PBXShellScriptBuildPhase;
			buildActionMask = 2147483647;
			files = (
			);
			inputFileListPaths = (
				"${PODS_ROOT}/Target Support Files/Pods-COVID-19/Pods-COVID-19-frameworks-${CONFIGURATION}-input-files.xcfilelist",
			);
			name = "[CP] Embed Pods Frameworks";
			outputFileListPaths = (
				"${PODS_ROOT}/Target Support Files/Pods-COVID-19/Pods-COVID-19-frameworks-${CONFIGURATION}-output-files.xcfilelist",
			);
			runOnlyForDeploymentPostprocessing = 0;
			shellPath = /bin/sh;
			shellScript = "\"${PODS_ROOT}/Target Support Files/Pods-COVID-19/Pods-COVID-19-frameworks.sh\"\n";
			showEnvVarsInLog = 0;
		};
/* End PBXShellScriptBuildPhase section */

/* Begin PBXSourcesBuildPhase section */
		AEED805227D1BF09008C686B /* Sources */ = {
			isa = PBXSourcesBuildPhase;
			buildActionMask = 2147483647;
			files = (
				AEED805E27D1BF09008C686B /* ViewController.swift in Sources */,
				AEED806E27D1C9E8008C686B /* CovidDetailViewController.swift in Sources */,
				AEED805A27D1BF09008C686B /* AppDelegate.swift in Sources */,
				AEED807027D20484008C686B /* CityCovidOverview.swift in Sources */,
				AEED805C27D1BF09008C686B /* SceneDelegate.swift in Sources */,
			);
			runOnlyForDeploymentPostprocessing = 0;
		};
/* End PBXSourcesBuildPhase section */

/* Begin PBXVariantGroup section */
		AEED805F27D1BF09008C686B /* Main.storyboard */ = {
			isa = PBXVariantGroup;
			children = (
				AEED806027D1BF09008C686B /* Base */,
			);
			name = Main.storyboard;
			sourceTree = "<group>";
		};
		AEED806427D1BF0B008C686B /* LaunchScreen.storyboard */ = {
			isa = PBXVariantGroup;
			children = (
				AEED806527D1BF0B008C686B /* Base */,
			);
			name = LaunchScreen.storyboard;
			sourceTree = "<group>";
		};
/* End PBXVariantGroup section */

/* Begin XCBuildConfiguration section */
		AEED806827D1BF0B008C686B /* Debug */ = {
			isa = XCBuildConfiguration;
			buildSettings = {
				ALWAYS_SEARCH_USER_PATHS = NO;
				CLANG_ANALYZER_NONNULL = YES;
				CLANG_ANALYZER_NUMBER_OBJECT_CONVERSION = YES_AGGRESSIVE;
				CLANG_CXX_LANGUAGE_STANDARD = "gnu++17";
				CLANG_CXX_LIBRARY = "libc++";
				CLANG_ENABLE_MODULES = YES;
				CLANG_ENABLE_OBJC_ARC = YES;
				CLANG_ENABLE_OBJC_WEAK = YES;
				CLANG_WARN_BLOCK_CAPTURE_AUTORELEASING = YES;
				CLANG_WARN_BOOL_CONVERSION = YES;
				CLANG_WARN_COMMA = YES;
				CLANG_WARN_CONSTANT_CONVERSION = YES;
				CLANG_WARN_DEPRECATED_OBJC_IMPLEMENTATIONS = YES;
				CLANG_WARN_DIRECT_OBJC_ISA_USAGE = YES_ERROR;
				CLANG_WARN_DOCUMENTATION_COMMENTS = YES;
				CLANG_WARN_EMPTY_BODY = YES;
				CLANG_WARN_ENUM_CONVERSION = YES;
				CLANG_WARN_INFINITE_RECURSION = YES;
				CLANG_WARN_INT_CONVERSION = YES;
				CLANG_WARN_NON_LITERAL_NULL_CONVERSION = YES;
				CLANG_WARN_OBJC_IMPLICIT_RETAIN_SELF = YES;
				CLANG_WARN_OBJC_LITERAL_CONVERSION = YES;
				CLANG_WARN_OBJC_ROOT_CLASS = YES_ERROR;
				CLANG_WARN_QUOTED_INCLUDE_IN_FRAMEWORK_HEADER = YES;
				CLANG_WARN_RANGE_LOOP_ANALYSIS = YES;
				CLANG_WARN_STRICT_PROTOTYPES = YES;
				CLANG_WARN_SUSPICIOUS_MOVE = YES;
				CLANG_WARN_UNGUARDED_AVAILABILITY = YES_AGGRESSIVE;
				CLANG_WARN_UNREACHABLE_CODE = YES;
				CLANG_WARN__DUPLICATE_METHOD_MATCH = YES;
				COPY_PHASE_STRIP = NO;
				DEBUG_INFORMATION_FORMAT = dwarf;
				ENABLE_STRICT_OBJC_MSGSEND = YES;
				ENABLE_TESTABILITY = YES;
				GCC_C_LANGUAGE_STANDARD = gnu11;
				GCC_DYNAMIC_NO_PIC = NO;
				GCC_NO_COMMON_BLOCKS = YES;
				GCC_OPTIMIZATION_LEVEL = 0;
				GCC_PREPROCESSOR_DEFINITIONS = (
					"DEBUG=1",
					"$(inherited)",
				);
				GCC_WARN_64_TO_32_BIT_CONVERSION = YES;
				GCC_WARN_ABOUT_RETURN_TYPE = YES_ERROR;
				GCC_WARN_UNDECLARED_SELECTOR = YES;
				GCC_WARN_UNINITIALIZED_AUTOS = YES_AGGRESSIVE;
				GCC_WARN_UNUSED_FUNCTION = YES;
				GCC_WARN_UNUSED_VARIABLE = YES;
				IPHONEOS_DEPLOYMENT_TARGET = 15.2;
				MTL_ENABLE_DEBUG_INFO = INCLUDE_SOURCE;
				MTL_FAST_MATH = YES;
				ONLY_ACTIVE_ARCH = YES;
				SDKROOT = iphoneos;
				SWIFT_ACTIVE_COMPILATION_CONDITIONS = DEBUG;
				SWIFT_OPTIMIZATION_LEVEL = "-Onone";
			};
			name = Debug;
		};
		AEED806927D1BF0B008C686B /* Release */ = {
			isa = XCBuildConfiguration;
			buildSettings = {
				ALWAYS_SEARCH_USER_PATHS = NO;
				CLANG_ANALYZER_NONNULL = YES;
				CLANG_ANALYZER_NUMBER_OBJECT_CONVERSION = YES_AGGRESSIVE;
				CLANG_CXX_LANGUAGE_STANDARD = "gnu++17";
				CLANG_CXX_LIBRARY = "libc++";
				CLANG_ENABLE_MODULES = YES;
				CLANG_ENABLE_OBJC_ARC = YES;
				CLANG_ENABLE_OBJC_WEAK = YES;
				CLANG_WARN_BLOCK_CAPTURE_AUTORELEASING = YES;
				CLANG_WARN_BOOL_CONVERSION = YES;
				CLANG_WARN_COMMA = YES;
				CLANG_WARN_CONSTANT_CONVERSION = YES;
				CLANG_WARN_DEPRECATED_OBJC_IMPLEMENTATIONS = YES;
				CLANG_WARN_DIRECT_OBJC_ISA_USAGE = YES_ERROR;
				CLANG_WARN_DOCUMENTATION_COMMENTS = YES;
				CLANG_WARN_EMPTY_BODY = YES;
				CLANG_WARN_ENUM_CONVERSION = YES;
				CLANG_WARN_INFINITE_RECURSION = YES;
				CLANG_WARN_INT_CONVERSION = YES;
				CLANG_WARN_NON_LITERAL_NULL_CONVERSION = YES;
				CLANG_WARN_OBJC_IMPLICIT_RETAIN_SELF = YES;
				CLANG_WARN_OBJC_LITERAL_CONVERSION = YES;
				CLANG_WARN_OBJC_ROOT_CLASS = YES_ERROR;
				CLANG_WARN_QUOTED_INCLUDE_IN_FRAMEWORK_HEADER = YES;
				CLANG_WARN_RANGE_LOOP_ANALYSIS = YES;
				CLANG_WARN_STRICT_PROTOTYPES = YES;
				CLANG_WARN_SUSPICIOUS_MOVE = YES;
				CLANG_WARN_UNGUARDED_AVAILABILITY = YES_AGGRESSIVE;
				CLANG_WARN_UNREACHABLE_CODE = YES;
				CLANG_WARN__DUPLICATE_METHOD_MATCH = YES;
				COPY_PHASE_STRIP = NO;
				DEBUG_INFORMATION_FORMAT = "dwarf-with-dsym";
				ENABLE_NS_ASSERTIONS = NO;
				ENABLE_STRICT_OBJC_MSGSEND = YES;
				GCC_C_LANGUAGE_STANDARD = gnu11;
				GCC_NO_COMMON_BLOCKS = YES;
				GCC_WARN_64_TO_32_BIT_CONVERSION = YES;
				GCC_WARN_ABOUT_RETURN_TYPE = YES_ERROR;
				GCC_WARN_UNDECLARED_SELECTOR = YES;
				GCC_WARN_UNINITIALIZED_AUTOS = YES_AGGRESSIVE;
				GCC_WARN_UNUSED_FUNCTION = YES;
				GCC_WARN_UNUSED_VARIABLE = YES;
				IPHONEOS_DEPLOYMENT_TARGET = 15.2;
				MTL_ENABLE_DEBUG_INFO = NO;
				MTL_FAST_MATH = YES;
				SDKROOT = iphoneos;
				SWIFT_COMPILATION_MODE = wholemodule;
				SWIFT_OPTIMIZATION_LEVEL = "-O";
				VALIDATE_PRODUCT = YES;
			};
			name = Release;
		};
		AEED806B27D1BF0B008C686B /* Debug */ = {
			isa = XCBuildConfiguration;
			baseConfigurationReference = 3FE532CBCE3B7F0ECEAC6337 /* Pods-COVID-19.debug.xcconfig */;
			buildSettings = {
				ASSETCATALOG_COMPILER_APPICON_NAME = AppIcon;
				ASSETCATALOG_COMPILER_GLOBAL_ACCENT_COLOR_NAME = AccentColor;
				CODE_SIGN_STYLE = Automatic;
				CURRENT_PROJECT_VERSION = 1;
				DEVELOPMENT_TEAM = HAXVV3XLZ6;
				GENERATE_INFOPLIST_FILE = YES;
				INFOPLIST_FILE = "COVID-19/Info.plist";
				INFOPLIST_KEY_UIApplicationSupportsIndirectInputEvents = YES;
				INFOPLIST_KEY_UILaunchStoryboardName = LaunchScreen;
				INFOPLIST_KEY_UIMainStoryboardFile = Main;
				INFOPLIST_KEY_UISupportedInterfaceOrientations_iPad = "UIInterfaceOrientationPortrait UIInterfaceOrientationPortraitUpsideDown UIInterfaceOrientationLandscapeLeft UIInterfaceOrientationLandscapeRight";
				INFOPLIST_KEY_UISupportedInterfaceOrientations_iPhone = "UIInterfaceOrientationPortrait UIInterfaceOrientationLandscapeLeft UIInterfaceOrientationLandscapeRight";
				LD_RUNPATH_SEARCH_PATHS = (
					"$(inherited)",
					"@executable_path/Frameworks",
				);
				MARKETING_VERSION = 1.0;
				PRODUCT_BUNDLE_IDENTIFIER = "kr.co.jsa.COVID-19";
				PRODUCT_NAME = "$(TARGET_NAME)";
				SWIFT_EMIT_LOC_STRINGS = YES;
				SWIFT_VERSION = 5.0;
				TARGETED_DEVICE_FAMILY = "1,2";
			};
			name = Debug;
		};
		AEED806C27D1BF0B008C686B /* Release */ = {
			isa = XCBuildConfiguration;
			baseConfigurationReference = 91F249D569CA1A70F4B6CE04 /* Pods-COVID-19.release.xcconfig */;
			buildSettings = {
				ASSETCATALOG_COMPILER_APPICON_NAME = AppIcon;
				ASSETCATALOG_COMPILER_GLOBAL_ACCENT_COLOR_NAME = AccentColor;
				CODE_SIGN_STYLE = Automatic;
				CURRENT_PROJECT_VERSION = 1;
				DEVELOPMENT_TEAM = HAXVV3XLZ6;
				GENERATE_INFOPLIST_FILE = YES;
				INFOPLIST_FILE = "COVID-19/Info.plist";
				INFOPLIST_KEY_UIApplicationSupportsIndirectInputEvents = YES;
				INFOPLIST_KEY_UILaunchStoryboardName = LaunchScreen;
				INFOPLIST_KEY_UIMainStoryboardFile = Main;
				INFOPLIST_KEY_UISupportedInterfaceOrientations_iPad = "UIInterfaceOrientationPortrait UIInterfaceOrientationPortraitUpsideDown UIInterfaceOrientationLandscapeLeft UIInterfaceOrientationLandscapeRight";
				INFOPLIST_KEY_UISupportedInterfaceOrientations_iPhone = "UIInterfaceOrientationPortrait UIInterfaceOrientationLandscapeLeft UIInterfaceOrientationLandscapeRight";
				LD_RUNPATH_SEARCH_PATHS = (
					"$(inherited)",
					"@executable_path/Frameworks",
				);
				MARKETING_VERSION = 1.0;
				PRODUCT_BUNDLE_IDENTIFIER = "kr.co.jsa.COVID-19";
				PRODUCT_NAME = "$(TARGET_NAME)";
				SWIFT_EMIT_LOC_STRINGS = YES;
				SWIFT_VERSION = 5.0;
				TARGETED_DEVICE_FAMILY = "1,2";
			};
			name = Release;
		};
/* End XCBuildConfiguration section */

/* Begin XCConfigurationList section */
		AEED805127D1BF09008C686B /* Build configuration list for PBXProject "COVID-19" */ = {
			isa = XCConfigurationList;
			buildConfigurations = (
				AEED806827D1BF0B008C686B /* Debug */,
				AEED806927D1BF0B008C686B /* Release */,
			);
			defaultConfigurationIsVisible = 0;
			defaultConfigurationName = Release;
		};
		AEED806A27D1BF0B008C686B /* Build configuration list for PBXNativeTarget "COVID-19" */ = {
			isa = XCConfigurationList;
			buildConfigurations = (
				AEED806B27D1BF0B008C686B /* Debug */,
				AEED806C27D1BF0B008C686B /* Release */,
			);
			defaultConfigurationIsVisible = 0;
			defaultConfigurationName = Release;
		};
/* End XCConfigurationList section */
	};
	rootObject = AEED804E27D1BF09008C686B /* Project object */;
}
